// !$*UTF8*$!
{
	archiveVersion = 1;
	classes = {
	};
	objectVersion = 46;
	objects = {

/* Begin PBXBuildFile section */
		101856B31CAE40E00019F1F7 /* UI.swift in Sources */ = {isa = PBXBuildFile; fileRef = 101856B21CAE40E00019F1F7 /* UI.swift */; };
		1066F2131CB8B0DA00CD795F /* RequestRideViewController.swift in Sources */ = {isa = PBXBuildFile; fileRef = 1066F2121CB8B0DA00CD795F /* RequestRideViewController.swift */; };
		1066F2161CB8B73100CD795F /* Rider.swift in Sources */ = {isa = PBXBuildFile; fileRef = 1066F2151CB8B73100CD795F /* Rider.swift */; };
		1066F2181CB8B7BB00CD795F /* Trips.swift in Sources */ = {isa = PBXBuildFile; fileRef = 1066F2171CB8B7BB00CD795F /* Trips.swift */; };
		1067958C1CC18AF000ED4EF8 /* Firebase.swift in Sources */ = {isa = PBXBuildFile; fileRef = 1067958B1CC18AF000ED4EF8 /* Firebase.swift */; };
		10722AEC1CAFA08A007C20C5 /* SWRevealViewController.m in Sources */ = {isa = PBXBuildFile; fileRef = 10722AEB1CAFA08A007C20C5 /* SWRevealViewController.m */; };
		10722AEE1CAFA334007C20C5 /* HomeViewController.swift in Sources */ = {isa = PBXBuildFile; fileRef = 10722AED1CAFA334007C20C5 /* HomeViewController.swift */; };
		10722AF61CAFB596007C20C5 /* SlideOutMenuController.swift in Sources */ = {isa = PBXBuildFile; fileRef = 10722AF51CAFB596007C20C5 /* SlideOutMenuController.swift */; };
		1079BF7C1CBB80A100DBDF92 /* CreateNewRideViewController.swift in Sources */ = {isa = PBXBuildFile; fileRef = 1079BF7B1CBB80A100DBDF92 /* CreateNewRideViewController.swift */; };
		1079BF7E1CBB816A00DBDF92 /* CustomViewIBDesignable.swift in Sources */ = {isa = PBXBuildFile; fileRef = 1079BF7D1CBB816A00DBDF92 /* CustomViewIBDesignable.swift */; };
		1079BF801CBB88F900DBDF92 /* ProfileViewController.swift in Sources */ = {isa = PBXBuildFile; fileRef = 1079BF7F1CBB88F900DBDF92 /* ProfileViewController.swift */; };
		92485E131CAD937A0094D2C9 /* AppDelegate.swift in Sources */ = {isa = PBXBuildFile; fileRef = 92485E121CAD937A0094D2C9 /* AppDelegate.swift */; };
		92485E151CAD937A0094D2C9 /* LoginViewController.swift in Sources */ = {isa = PBXBuildFile; fileRef = 92485E141CAD937A0094D2C9 /* LoginViewController.swift */; };
		92485E181CAD937A0094D2C9 /* Main.storyboard in Resources */ = {isa = PBXBuildFile; fileRef = 92485E161CAD937A0094D2C9 /* Main.storyboard */; };
		92485E1A1CAD937A0094D2C9 /* Assets.xcassets in Resources */ = {isa = PBXBuildFile; fileRef = 92485E191CAD937A0094D2C9 /* Assets.xcassets */; };
		92485E1D1CAD937A0094D2C9 /* LaunchScreen.storyboard in Resources */ = {isa = PBXBuildFile; fileRef = 92485E1B1CAD937A0094D2C9 /* LaunchScreen.storyboard */; };
		92DB5D201CB9B17900796EEC /* DatePicker.swift in Sources */ = {isa = PBXBuildFile; fileRef = 92DB5D1F1CB9B17900796EEC /* DatePicker.swift */; };
		92DB5D221CB9B52E00796EEC /* AvailableRidesTableViewCell.swift in Sources */ = {isa = PBXBuildFile; fileRef = 92DB5D211CB9B52E00796EEC /* AvailableRidesTableViewCell.swift */; };
		F7AB1EEE0DA5BAFC3CFAD39F /* Pods_Carpooling.framework in Frameworks */ = {isa = PBXBuildFile; fileRef = 3EA1B83ABC26D71D5F4C882B /* Pods_Carpooling.framework */; };
/* End PBXBuildFile section */

/* Begin PBXFileReference section */
		101856B21CAE40E00019F1F7 /* UI.swift */ = {isa = PBXFileReference; fileEncoding = 4; lastKnownFileType = sourcecode.swift; path = UI.swift; sourceTree = "<group>"; };
		1066F2121CB8B0DA00CD795F /* RequestRideViewController.swift */ = {isa = PBXFileReference; fileEncoding = 4; lastKnownFileType = sourcecode.swift; path = RequestRideViewController.swift; sourceTree = "<group>"; };
		1066F2151CB8B73100CD795F /* Rider.swift */ = {isa = PBXFileReference; fileEncoding = 4; lastKnownFileType = sourcecode.swift; path = Rider.swift; sourceTree = "<group>"; };
		1066F2171CB8B7BB00CD795F /* Trips.swift */ = {isa = PBXFileReference; fileEncoding = 4; lastKnownFileType = sourcecode.swift; path = Trips.swift; sourceTree = "<group>"; };
		1067958B1CC18AF000ED4EF8 /* Firebase.swift */ = {isa = PBXFileReference; fileEncoding = 4; lastKnownFileType = sourcecode.swift; name = Firebase.swift; path = ../Firebase.swift; sourceTree = "<group>"; };
		10722AE91CAFA08A007C20C5 /* Carpooling-Bridging-Header.h */ = {isa = PBXFileReference; lastKnownFileType = sourcecode.c.h; path = "Carpooling-Bridging-Header.h"; sourceTree = "<group>"; };
		10722AEA1CAFA08A007C20C5 /* SWRevealViewController.h */ = {isa = PBXFileReference; fileEncoding = 4; lastKnownFileType = sourcecode.c.h; path = SWRevealViewController.h; sourceTree = "<group>"; };
		10722AEB1CAFA08A007C20C5 /* SWRevealViewController.m */ = {isa = PBXFileReference; fileEncoding = 4; lastKnownFileType = sourcecode.c.objc; path = SWRevealViewController.m; sourceTree = "<group>"; };
		10722AED1CAFA334007C20C5 /* HomeViewController.swift */ = {isa = PBXFileReference; fileEncoding = 4; lastKnownFileType = sourcecode.swift; name = HomeViewController.swift; path = Carpooling/HomeViewController.swift; sourceTree = "<group>"; };
		10722AF51CAFB596007C20C5 /* SlideOutMenuController.swift */ = {isa = PBXFileReference; fileEncoding = 4; lastKnownFileType = sourcecode.swift; path = SlideOutMenuController.swift; sourceTree = "<group>"; };
		1079BF7B1CBB80A100DBDF92 /* CreateNewRideViewController.swift */ = {isa = PBXFileReference; fileEncoding = 4; lastKnownFileType = sourcecode.swift; path = CreateNewRideViewController.swift; sourceTree = "<group>"; };
		1079BF7D1CBB816A00DBDF92 /* CustomViewIBDesignable.swift */ = {isa = PBXFileReference; fileEncoding = 4; lastKnownFileType = sourcecode.swift; path = CustomViewIBDesignable.swift; sourceTree = "<group>"; };
		1079BF7F1CBB88F900DBDF92 /* ProfileViewController.swift */ = {isa = PBXFileReference; fileEncoding = 4; lastKnownFileType = sourcecode.swift; path = ProfileViewController.swift; sourceTree = "<group>"; };
		3EA1B83ABC26D71D5F4C882B /* Pods_Carpooling.framework */ = {isa = PBXFileReference; explicitFileType = wrapper.framework; includeInIndex = 0; path = Pods_Carpooling.framework; sourceTree = BUILT_PRODUCTS_DIR; };
		92485E0F1CAD937A0094D2C9 /* Carpooling.app */ = {isa = PBXFileReference; explicitFileType = wrapper.application; includeInIndex = 0; path = Carpooling.app; sourceTree = BUILT_PRODUCTS_DIR; };
		92485E121CAD937A0094D2C9 /* AppDelegate.swift */ = {isa = PBXFileReference; lastKnownFileType = sourcecode.swift; path = AppDelegate.swift; sourceTree = "<group>"; };
		92485E141CAD937A0094D2C9 /* LoginViewController.swift */ = {isa = PBXFileReference; lastKnownFileType = sourcecode.swift; path = LoginViewController.swift; sourceTree = "<group>"; };
		92485E171CAD937A0094D2C9 /* Base */ = {isa = PBXFileReference; lastKnownFileType = file.storyboard; name = Base; path = Base.lproj/Main.storyboard; sourceTree = "<group>"; };
		92485E191CAD937A0094D2C9 /* Assets.xcassets */ = {isa = PBXFileReference; lastKnownFileType = folder.assetcatalog; path = Assets.xcassets; sourceTree = "<group>"; };
		92485E1C1CAD937A0094D2C9 /* Base */ = {isa = PBXFileReference; lastKnownFileType = file.storyboard; name = Base; path = Base.lproj/LaunchScreen.storyboard; sourceTree = "<group>"; };
		92485E1E1CAD937A0094D2C9 /* Info.plist */ = {isa = PBXFileReference; lastKnownFileType = text.plist.xml; path = Info.plist; sourceTree = "<group>"; };
		92DB5D1F1CB9B17900796EEC /* DatePicker.swift */ = {isa = PBXFileReference; fileEncoding = 4; lastKnownFileType = sourcecode.swift; path = DatePicker.swift; sourceTree = "<group>"; };
		92DB5D211CB9B52E00796EEC /* AvailableRidesTableViewCell.swift */ = {isa = PBXFileReference; fileEncoding = 4; lastKnownFileType = sourcecode.swift; name = AvailableRidesTableViewCell.swift; path = Carpooling/AvailableRidesTableViewCell.swift; sourceTree = "<group>"; };
		9E99BFB7CB9B611D79DB5940 /* Pods-Carpooling.release.xcconfig */ = {isa = PBXFileReference; includeInIndex = 1; lastKnownFileType = text.xcconfig; name = "Pods-Carpooling.release.xcconfig"; path = "Pods/Target Support Files/Pods-Carpooling/Pods-Carpooling.release.xcconfig"; sourceTree = "<group>"; };
		F95E1B2626F147C72FAF7F45 /* Pods-Carpooling.debug.xcconfig */ = {isa = PBXFileReference; includeInIndex = 1; lastKnownFileType = text.xcconfig; name = "Pods-Carpooling.debug.xcconfig"; path = "Pods/Target Support Files/Pods-Carpooling/Pods-Carpooling.debug.xcconfig"; sourceTree = "<group>"; };
/* End PBXFileReference section */

/* Begin PBXFrameworksBuildPhase section */
		92485E0C1CAD937A0094D2C9 /* Frameworks */ = {
			isa = PBXFrameworksBuildPhase;
			buildActionMask = 2147483647;
			files = (
				F7AB1EEE0DA5BAFC3CFAD39F /* Pods_Carpooling.framework in Frameworks */,
			);
			runOnlyForDeploymentPostprocessing = 0;
		};
/* End PBXFrameworksBuildPhase section */

/* Begin PBXGroup section */
		1066F2141CB8B72000CD795F /* Model */ = {
			isa = PBXGroup;
			children = (
				1066F2151CB8B73100CD795F /* Rider.swift */,
				1066F2171CB8B7BB00CD795F /* Trips.swift */,
			);
			name = Model;
			sourceTree = "<group>";
		};
		10722AE81CAFA06D007C20C5 /* Supporting files */ = {
			isa = PBXGroup;
			children = (
				1079BF7D1CBB816A00DBDF92 /* CustomViewIBDesignable.swift */,
				10722AF51CAFB596007C20C5 /* SlideOutMenuController.swift */,
				10722AEA1CAFA08A007C20C5 /* SWRevealViewController.h */,
				10722AEB1CAFA08A007C20C5 /* SWRevealViewController.m */,
				10722AE91CAFA08A007C20C5 /* Carpooling-Bridging-Header.h */,
				101856B21CAE40E00019F1F7 /* UI.swift */,
				92DB5D1F1CB9B17900796EEC /* DatePicker.swift */,
			);
			name = "Supporting files";
			sourceTree = "<group>";
		};
		1079BF761CBB59E600DBDF92 /* Available Rides */ = {
			isa = PBXGroup;
			children = (
				10722AED1CAFA334007C20C5 /* HomeViewController.swift */,
				92DB5D211CB9B52E00796EEC /* AvailableRidesTableViewCell.swift */,
			);
			name = "Available Rides";
			path = ..;
			sourceTree = "<group>";
		};
		1079BF771CBB59FF00DBDF92 /* Request New Ride */ = {
			isa = PBXGroup;
			children = (
				1066F2121CB8B0DA00CD795F /* RequestRideViewController.swift */,
			);
			name = "Request New Ride";
			sourceTree = "<group>";
		};
		1079BF7A1CBB807900DBDF92 /* Create Ride */ = {
			isa = PBXGroup;
			children = (
				1079BF7B1CBB80A100DBDF92 /* CreateNewRideViewController.swift */,
			);
			name = "Create Ride";
			sourceTree = "<group>";
		};
		1079BF811CBB88FF00DBDF92 /* Profile */ = {
			isa = PBXGroup;
			children = (
				1079BF7F1CBB88F900DBDF92 /* ProfileViewController.swift */,
			);
			name = Profile;
			sourceTree = "<group>";
		};
		184A689D2910CCAADB87B006 /* Frameworks */ = {
			isa = PBXGroup;
			children = (
				3EA1B83ABC26D71D5F4C882B /* Pods_Carpooling.framework */,
			);
			name = Frameworks;
			sourceTree = "<group>";
		};
		7C54F1D6423D247861C3815B /* Pods */ = {
			isa = PBXGroup;
			children = (
				F95E1B2626F147C72FAF7F45 /* Pods-Carpooling.debug.xcconfig */,
				9E99BFB7CB9B611D79DB5940 /* Pods-Carpooling.release.xcconfig */,
			);
			name = Pods;
			sourceTree = "<group>";
		};
		92485E061CAD93790094D2C9 = {
			isa = PBXGroup;
			children = (
				92485E111CAD937A0094D2C9 /* Carpooling */,
				92485E101CAD937A0094D2C9 /* Products */,
				7C54F1D6423D247861C3815B /* Pods */,
				184A689D2910CCAADB87B006 /* Frameworks */,
			);
			sourceTree = "<group>";
		};
		92485E101CAD937A0094D2C9 /* Products */ = {
			isa = PBXGroup;
			children = (
				92485E0F1CAD937A0094D2C9 /* Carpooling.app */,
			);
			name = Products;
			sourceTree = "<group>";
		};
		92485E111CAD937A0094D2C9 /* Carpooling */ = {
			isa = PBXGroup;
			children = (
				1067958B1CC18AF000ED4EF8 /* Firebase.swift */,
				1079BF811CBB88FF00DBDF92 /* Profile */,
				92485E121CAD937A0094D2C9 /* AppDelegate.swift */,
				1079BF761CBB59E600DBDF92 /* Available Rides */,
				92485E141CAD937A0094D2C9 /* LoginViewController.swift */,
				1079BF7A1CBB807900DBDF92 /* Create Ride */,
				1066F2141CB8B72000CD795F /* Model */,
				1079BF771CBB59FF00DBDF92 /* Request New Ride */,
				10722AE81CAFA06D007C20C5 /* Supporting files */,
				92485E191CAD937A0094D2C9 /* Assets.xcassets */,
				92485E161CAD937A0094D2C9 /* Main.storyboard */,
				92485E1B1CAD937A0094D2C9 /* LaunchScreen.storyboard */,
				92485E1E1CAD937A0094D2C9 /* Info.plist */,
			);
			path = Carpooling;
			sourceTree = "<group>";
		};
/* End PBXGroup section */

/* Begin PBXNativeTarget section */
		92485E0E1CAD937A0094D2C9 /* Carpooling */ = {
			isa = PBXNativeTarget;
			buildConfigurationList = 92485E211CAD937A0094D2C9 /* Build configuration list for PBXNativeTarget "Carpooling" */;
			buildPhases = (
				94BB3909CDF7940C3546E1FD /* Check Pods Manifest.lock */,
				92485E0B1CAD937A0094D2C9 /* Sources */,
				92485E0C1CAD937A0094D2C9 /* Frameworks */,
				92485E0D1CAD937A0094D2C9 /* Resources */,
				DE718A4E2AEE360236473112 /* Embed Pods Frameworks */,
				D574BADC52827975CAAAD752 /* Copy Pods Resources */,
			);
			buildRules = (
			);
			dependencies = (
			);
			name = Carpooling;
			productName = Carpooling;
			productReference = 92485E0F1CAD937A0094D2C9 /* Carpooling.app */;
			productType = "com.apple.product-type.application";
		};
/* End PBXNativeTarget section */

/* Begin PBXProject section */
		92485E071CAD937A0094D2C9 /* Project object */ = {
			isa = PBXProject;
			attributes = {
				LastSwiftUpdateCheck = 0730;
				LastUpgradeCheck = 0730;
				ORGANIZATIONNAME = "St Marys";
				TargetAttributes = {
					92485E0E1CAD937A0094D2C9 = {
						CreatedOnToolsVersion = 7.3;
						DevelopmentTeam = 7B9F98EQ3K;
					};
				};
			};
			buildConfigurationList = 92485E0A1CAD937A0094D2C9 /* Build configuration list for PBXProject "Carpooling" */;
			compatibilityVersion = "Xcode 3.2";
			developmentRegion = English;
			hasScannedForEncodings = 0;
			knownRegions = (
				en,
				Base,
			);
			mainGroup = 92485E061CAD93790094D2C9;
			productRefGroup = 92485E101CAD937A0094D2C9 /* Products */;
			projectDirPath = "";
			projectRoot = "";
			targets = (
				92485E0E1CAD937A0094D2C9 /* Carpooling */,
			);
		};
/* End PBXProject section */

/* Begin PBXResourcesBuildPhase section */
		92485E0D1CAD937A0094D2C9 /* Resources */ = {
			isa = PBXResourcesBuildPhase;
			buildActionMask = 2147483647;
			files = (
				92485E1D1CAD937A0094D2C9 /* LaunchScreen.storyboard in Resources */,
				92485E1A1CAD937A0094D2C9 /* Assets.xcassets in Resources */,
				92485E181CAD937A0094D2C9 /* Main.storyboard in Resources */,
			);
			runOnlyForDeploymentPostprocessing = 0;
		};
/* End PBXResourcesBuildPhase section */

/* Begin PBXShellScriptBuildPhase section */
		94BB3909CDF7940C3546E1FD /* Check Pods Manifest.lock */ = {
			isa = PBXShellScriptBuildPhase;
			buildActionMask = 2147483647;
			files = (
			);
			inputPaths = (
			);
			name = "Check Pods Manifest.lock";
			outputPaths = (
			);
			runOnlyForDeploymentPostprocessing = 0;
			shellPath = /bin/sh;
			shellScript = "diff \"${PODS_ROOT}/../Podfile.lock\" \"${PODS_ROOT}/Manifest.lock\" > /dev/null\nif [[ $? != 0 ]] ; then\n    cat << EOM\nerror: The sandbox is not in sync with the Podfile.lock. Run 'pod install' or update your CocoaPods installation.\nEOM\n    exit 1\nfi\n";
			showEnvVarsInLog = 0;
		};
		D574BADC52827975CAAAD752 /* Copy Pods Resources */ = {
			isa = PBXShellScriptBuildPhase;
			buildActionMask = 2147483647;
			files = (
			);
			inputPaths = (
			);
			name = "Copy Pods Resources";
			outputPaths = (
			);
			runOnlyForDeploymentPostprocessing = 0;
			shellPath = /bin/sh;
			shellScript = "\"${SRCROOT}/Pods/Target Support Files/Pods-Carpooling/Pods-Carpooling-resources.sh\"\n";
			showEnvVarsInLog = 0;
		};
		DE718A4E2AEE360236473112 /* Embed Pods Frameworks */ = {
			isa = PBXShellScriptBuildPhase;
			buildActionMask = 2147483647;
			files = (
			);
			inputPaths = (
			);
			name = "Embed Pods Frameworks";
			outputPaths = (
			);
			runOnlyForDeploymentPostprocessing = 0;
			shellPath = /bin/sh;
			shellScript = "\"${SRCROOT}/Pods/Target Support Files/Pods-Carpooling/Pods-Carpooling-frameworks.sh\"\n";
			showEnvVarsInLog = 0;
		};
/* End PBXShellScriptBuildPhase section */

/* Begin PBXSourcesBuildPhase section */
		92485E0B1CAD937A0094D2C9 /* Sources */ = {
			isa = PBXSourcesBuildPhase;
			buildActionMask = 2147483647;
			files = (
				1067958C1CC18AF000ED4EF8 /* Firebase.swift in Sources */,
				10722AEE1CAFA334007C20C5 /* HomeViewController.swift in Sources */,
				92485E151CAD937A0094D2C9 /* LoginViewController.swift in Sources */,
				101856B31CAE40E00019F1F7 /* UI.swift in Sources */,
				1079BF7E1CBB816A00DBDF92 /* CustomViewIBDesignable.swift in Sources */,
				92485E131CAD937A0094D2C9 /* AppDelegate.swift in Sources */,
				1066F2161CB8B73100CD795F /* Rider.swift in Sources */,
				1066F2181CB8B7BB00CD795F /* Trips.swift in Sources */,
				92DB5D221CB9B52E00796EEC /* AvailableRidesTableViewCell.swift in Sources */,
				1066F2131CB8B0DA00CD795F /* RequestRideViewController.swift in Sources */,
				1079BF801CBB88F900DBDF92 /* ProfileViewController.swift in Sources */,
				10722AEC1CAFA08A007C20C5 /* SWRevealViewController.m in Sources */,
				10722AF61CAFB596007C20C5 /* SlideOutMenuController.swift in Sources */,
				92DB5D201CB9B17900796EEC /* DatePicker.swift in Sources */,
				1079BF7C1CBB80A100DBDF92 /* CreateNewRideViewController.swift in Sources */,
			);
			runOnlyForDeploymentPostprocessing = 0;
		};
/* End PBXSourcesBuildPhase section */

/* Begin PBXVariantGroup section */
		92485E161CAD937A0094D2C9 /* Main.storyboard */ = {
			isa = PBXVariantGroup;
			children = (
				92485E171CAD937A0094D2C9 /* Base */,
			);
			name = Main.storyboard;
			sourceTree = "<group>";
		};
		92485E1B1CAD937A0094D2C9 /* LaunchScreen.storyboard */ = {
			isa = PBXVariantGroup;
			children = (
				92485E1C1CAD937A0094D2C9 /* Base */,
			);
			name = LaunchScreen.storyboard;
			sourceTree = "<group>";
		};
/* End PBXVariantGroup section */

/* Begin XCBuildConfiguration section */
		92485E1F1CAD937A0094D2C9 /* Debug */ = {
			isa = XCBuildConfiguration;
			buildSettings = {
				ALWAYS_SEARCH_USER_PATHS = NO;
				CLANG_ANALYZER_NONNULL = YES;
				CLANG_CXX_LANGUAGE_STANDARD = "gnu++0x";
				CLANG_CXX_LIBRARY = "libc++";
				CLANG_ENABLE_MODULES = YES;
				CLANG_ENABLE_OBJC_ARC = YES;
				CLANG_WARN_BOOL_CONVERSION = YES;
				CLANG_WARN_CONSTANT_CONVERSION = YES;
				CLANG_WARN_DIRECT_OBJC_ISA_USAGE = YES_ERROR;
				CLANG_WARN_EMPTY_BODY = YES;
				CLANG_WARN_ENUM_CONVERSION = YES;
				CLANG_WARN_INT_CONVERSION = YES;
				CLANG_WARN_OBJC_ROOT_CLASS = YES_ERROR;
				CLANG_WARN_UNREACHABLE_CODE = YES;
				CLANG_WARN__DUPLICATE_METHOD_MATCH = YES;
				"CODE_SIGN_IDENTITY[sdk=iphoneos*]" = "iPhone Developer";
				COPY_PHASE_STRIP = NO;
				DEBUG_INFORMATION_FORMAT = dwarf;
				ENABLE_STRICT_OBJC_MSGSEND = YES;
				ENABLE_TESTABILITY = YES;
				GCC_C_LANGUAGE_STANDARD = gnu99;
				GCC_DYNAMIC_NO_PIC = NO;
				GCC_NO_COMMON_BLOCKS = YES;
				GCC_OPTIMIZATION_LEVEL = 0;
				GCC_PREPROCESSOR_DEFINITIONS = (
					"DEBUG=1",
					"$(inherited)",
				);
				GCC_WARN_64_TO_32_BIT_CONVERSION = YES;
				GCC_WARN_ABOUT_RETURN_TYPE = YES_ERROR;
				GCC_WARN_UNDECLARED_SELECTOR = YES;
				GCC_WARN_UNINITIALIZED_AUTOS = YES_AGGRESSIVE;
				GCC_WARN_UNUSED_FUNCTION = YES;
				GCC_WARN_UNUSED_VARIABLE = YES;
				IPHONEOS_DEPLOYMENT_TARGET = 9.3;
				MTL_ENABLE_DEBUG_INFO = YES;
				ONLY_ACTIVE_ARCH = YES;
				SDKROOT = iphoneos;
				SWIFT_OPTIMIZATION_LEVEL = "-Onone";
			};
			name = Debug;
		};
		92485E201CAD937A0094D2C9 /* Release */ = {
			isa = XCBuildConfiguration;
			buildSettings = {
				ALWAYS_SEARCH_USER_PATHS = NO;
				CLANG_ANALYZER_NONNULL = YES;
				CLANG_CXX_LANGUAGE_STANDARD = "gnu++0x";
				CLANG_CXX_LIBRARY = "libc++";
				CLANG_ENABLE_MODULES = YES;
				CLANG_ENABLE_OBJC_ARC = YES;
				CLANG_WARN_BOOL_CONVERSION = YES;
				CLANG_WARN_CONSTANT_CONVERSION = YES;
				CLANG_WARN_DIRECT_OBJC_ISA_USAGE = YES_ERROR;
				CLANG_WARN_EMPTY_BODY = YES;
				CLANG_WARN_ENUM_CONVERSION = YES;
				CLANG_WARN_INT_CONVERSION = YES;
				CLANG_WARN_OBJC_ROOT_CLASS = YES_ERROR;
				CLANG_WARN_UNREACHABLE_CODE = YES;
				CLANG_WARN__DUPLICATE_METHOD_MATCH = YES;
				"CODE_SIGN_IDENTITY[sdk=iphoneos*]" = "iPhone Developer";
				COPY_PHASE_STRIP = NO;
				DEBUG_INFORMATION_FORMAT = "dwarf-with-dsym";
				ENABLE_NS_ASSERTIONS = NO;
				ENABLE_STRICT_OBJC_MSGSEND = YES;
				GCC_C_LANGUAGE_STANDARD = gnu99;
				GCC_NO_COMMON_BLOCKS = YES;
				GCC_WARN_64_TO_32_BIT_CONVERSION = YES;
				GCC_WARN_ABOUT_RETURN_TYPE = YES_ERROR;
				GCC_WARN_UNDECLARED_SELECTOR = YES;
				GCC_WARN_UNINITIALIZED_AUTOS = YES_AGGRESSIVE;
				GCC_WARN_UNUSED_FUNCTION = YES;
				GCC_WARN_UNUSED_VARIABLE = YES;
				IPHONEOS_DEPLOYMENT_TARGET = 9.3;
				MTL_ENABLE_DEBUG_INFO = NO;
				SDKROOT = iphoneos;
				VALIDATE_PRODUCT = YES;
			};
			name = Release;
		};
		92485E221CAD937A0094D2C9 /* Debug */ = {
			isa = XCBuildConfiguration;
			baseConfigurationReference = F95E1B2626F147C72FAF7F45 /* Pods-Carpooling.debug.xcconfig */;
			buildSettings = {
				ASSETCATALOG_COMPILER_APPICON_NAME = AppIcon;
				CLANG_ENABLE_MODULES = YES;
				CODE_SIGN_IDENTITY = "iPhone Developer";
				"CODE_SIGN_IDENTITY[sdk=iphoneos*]" = "iPhone Developer";
				INFOPLIST_FILE = Carpooling/Info.plist;
				LD_RUNPATH_SEARCH_PATHS = "$(inherited) @executable_path/Frameworks";
				PRODUCT_BUNDLE_IDENTIFIER = Sanjay.Carpooling;
				PRODUCT_NAME = "$(TARGET_NAME)";
				PROVISIONING_PROFILE = "";
				STRIPFLAGS = "-ObjC flag";
				SWIFT_OBJC_BRIDGING_HEADER = "Carpooling/Carpooling-Bridging-Header.h";
				SWIFT_OPTIMIZATION_LEVEL = "-Onone";
			};
			name = Debug;
		};
		92485E231CAD937A0094D2C9 /* Release */ = {
			isa = XCBuildConfiguration;
			baseConfigurationReference = 9E99BFB7CB9B611D79DB5940 /* Pods-Carpooling.release.xcconfig */;
			buildSettings = {
				ASSETCATALOG_COMPILER_APPICON_NAME = AppIcon;
				CLANG_ENABLE_MODULES = YES;
				CODE_SIGN_IDENTITY = "iPhone Developer";
				"CODE_SIGN_IDENTITY[sdk=iphoneos*]" = "iPhone Developer";
				INFOPLIST_FILE = Carpooling/Info.plist;
				LD_RUNPATH_SEARCH_PATHS = "$(inherited) @executable_path/Frameworks";
				PRODUCT_BUNDLE_IDENTIFIER = Sanjay.Carpooling;
				PRODUCT_NAME = "$(TARGET_NAME)";
				PROVISIONING_PROFILE = "";
				STRIPFLAGS = "-ObjC flag";
				SWIFT_OBJC_BRIDGING_HEADER = "Carpooling/Carpooling-Bridging-Header.h";
			};
			name = Release;
		};
/* End XCBuildConfiguration section */

/* Begin XCConfigurationList section */
		92485E0A1CAD937A0094D2C9 /* Build configuration list for PBXProject "Carpooling" */ = {
			isa = XCConfigurationList;
			buildConfigurations = (
				92485E1F1CAD937A0094D2C9 /* Debug */,
				92485E201CAD937A0094D2C9 /* Release */,
			);
			defaultConfigurationIsVisible = 0;
			defaultConfigurationName = Release;
		};
		92485E211CAD937A0094D2C9 /* Build configuration list for PBXNativeTarget "Carpooling" */ = {
			isa = XCConfigurationList;
			buildConfigurations = (
				92485E221CAD937A0094D2C9 /* Debug */,
				92485E231CAD937A0094D2C9 /* Release */,
			);
			defaultConfigurationIsVisible = 0;
			defaultConfigurationName = Release;
		};
/* End XCConfigurationList section */
	};
	rootObject = 92485E071CAD937A0094D2C9 /* Project object */;
}
